
Microsoft Visual Studio Solution File, Format Version 12.00
# Visual Studio 15
VisualStudioVersion = 15.0.27130.2027
MinimumVisualStudioVersion = 10.0.40219.1
Project("{FAE04EC0-301F-11D3-BF4B-00C04F79EFBC}") = "Chess", "Chess\Chess.csproj", "{6DAA3826-A01D-430E-8C75-EFC927C2981C}"
EndProject
Project("{FAE04EC0-301F-11D3-BF4B-00C04F79EFBC}") = "ChessUnitTesting", "ChessUnitTesting\ChessUnitTesting.csproj", "{6697B910-311C-4E2A-9323-E49F059C0107}"
EndProject
Global
	GlobalSection(SolutionConfigurationPlatforms) = preSolution
		Debug|Any CPU = Debug|Any CPU
		Release|Any CPU = Release|Any CPU
	EndGlobalSection
	GlobalSection(ProjectConfigurationPlatforms) = postSolution
		{6DAA3826-A01D-430E-8C75-EFC927C2981C}.Debug|Any CPU.ActiveCfg = Debug|Any CPU
		{6DAA3826-A01D-430E-8C75-EFC927C2981C}.Debug|Any CPU.Build.0 = Debug|Any CPU
		{6DAA3826-A01D-430E-8C75-EFC927C2981C}.Release|Any CPU.ActiveCfg = Release|Any CPU
		{6DAA3826-A01D-430E-8C75-EFC927C2981C}.Release|Any CPU.Build.0 = Release|Any CPU
		{6697B910-311C-4E2A-9323-E49F059C0107}.Debug|Any CPU.ActiveCfg = Debug|Any CPU
		{6697B910-311C-4E2A-9323-E49F059C0107}.Debug|Any CPU.Build.0 = Debug|Any CPU
		{6697B910-311C-4E2A-9323-E49F059C0107}.Release|Any CPU.ActiveCfg = Release|Any CPU
		{6697B910-311C-4E2A-9323-E49F059C0107}.Release|Any CPU.Build.0 = Release|Any CPU
	EndGlobalSection
	GlobalSection(SolutionProperties) = preSolution
		HideSolutionNode = FALSE
	EndGlobalSection
	GlobalSection(ExtensibilityGlobals) = postSolution
		SolutionGuid = {ED78E5F0-C4CD-4B9D-AE11-8999B495EC81}
	EndGlobalSection
EndGlobal
